
Microsoft Visual Studio Solution File, Format Version 12.00
# Visual Studio Version 17
VisualStudioVersion = 17.14.36623.8
MinimumVisualStudioVersion = 10.0.40219.1
Project("{FAE04EC0-301F-11D3-BF4B-00C04F79EFBC}") = "API", "API\API.csproj", "{E0CA385D-73A5-46B4-81B2-BCC5FC76AF2A}"
EndProject
Project("{FAE04EC0-301F-11D3-BF4B-00C04F79EFBC}") = "API.Shared", "API.Shared\API.Shared.csproj", "{8FB18709-EC71-4A92-BFFD-D8D1B6D001C4}"
EndProject
Project("{FAE04EC0-301F-11D3-BF4B-00C04F79EFBC}") = "API.Infrastructure", "API.Infrastructure\API.Infrastructure.csproj", "{732646DD-40E8-4A20-91D0-5A3C347ECD89}"
EndProject
Project("{FAE04EC0-301F-11D3-BF4B-00C04F79EFBC}") = "API.Mediator", "API.Mediator\API.Mediator.csproj", "{FC1F5760-49C1-4836-99E9-49D6DAD86590}"
EndProject
Global
	GlobalSection(SolutionConfigurationPlatforms) = preSolution
		Debug|Any CPU = Debug|Any CPU
		Release|Any CPU = Release|Any CPU
	EndGlobalSection
	GlobalSection(ProjectConfigurationPlatforms) = postSolution
		{E0CA385D-73A5-46B4-81B2-BCC5FC76AF2A}.Debug|Any CPU.ActiveCfg = Debug|Any CPU
		{E0CA385D-73A5-46B4-81B2-BCC5FC76AF2A}.Debug|Any CPU.Build.0 = Debug|Any CPU
		{E0CA385D-73A5-46B4-81B2-BCC5FC76AF2A}.Release|Any CPU.ActiveCfg = Release|Any CPU
		{E0CA385D-73A5-46B4-81B2-BCC5FC76AF2A}.Release|Any CPU.Build.0 = Release|Any CPU
		{8FB18709-EC71-4A92-BFFD-D8D1B6D001C4}.Debug|Any CPU.ActiveCfg = Debug|Any CPU
		{8FB18709-EC71-4A92-BFFD-D8D1B6D001C4}.Debug|Any CPU.Build.0 = Debug|Any CPU
		{8FB18709-EC71-4A92-BFFD-D8D1B6D001C4}.Release|Any CPU.ActiveCfg = Release|Any CPU
		{8FB18709-EC71-4A92-BFFD-D8D1B6D001C4}.Release|Any CPU.Build.0 = Release|Any CPU
		{732646DD-40E8-4A20-91D0-5A3C347ECD89}.Debug|Any CPU.ActiveCfg = Debug|Any CPU
		{732646DD-40E8-4A20-91D0-5A3C347ECD89}.Debug|Any CPU.Build.0 = Debug|Any CPU
		{732646DD-40E8-4A20-91D0-5A3C347ECD89}.Release|Any CPU.ActiveCfg = Release|Any CPU
		{732646DD-40E8-4A20-91D0-5A3C347ECD89}.Release|Any CPU.Build.0 = Release|Any CPU
		{FC1F5760-49C1-4836-99E9-49D6DAD86590}.Debug|Any CPU.ActiveCfg = Debug|Any CPU
		{FC1F5760-49C1-4836-99E9-49D6DAD86590}.Debug|Any CPU.Build.0 = Debug|Any CPU
		{FC1F5760-49C1-4836-99E9-49D6DAD86590}.Release|Any CPU.ActiveCfg = Release|Any CPU
		{FC1F5760-49C1-4836-99E9-49D6DAD86590}.Release|Any CPU.Build.0 = Release|Any CPU
	EndGlobalSection
	GlobalSection(SolutionProperties) = preSolution
		HideSolutionNode = FALSE
	EndGlobalSection
	GlobalSection(ExtensibilityGlobals) = postSolution
		SolutionGuid = {D46B65AB-3053-48E9-B3C9-998DAA331A7D}
	EndGlobalSection
EndGlobal
